const express = require('express');
const axios = require('axios');
const cors = require('cors');

const app = express();
app.use(express.json());
app.use(cors()); // Active CORS pour toutes les origines

// Gestion des requêtes OPTIONS (prévolées)
app.options('/proxy-n8n', (req, res) => {
    res.header('Access-Control-Allow-Origin', '*');
    res.header('Access-Control-Allow-Methods', 'POST, OPTIONS');
    res.header('Access-Control-Allow-Headers', 'Content-Type');
    res.send();
});

// Proxy pour envoyer les requêtes à n8n
app.post('/proxy-n8n', async (req, res) => {
    console.log("🔹 Nouvelle requête reçue :", req.body);

    if (!req.body || Object.keys(req.body).length === 0) {
        return res.status(400).json({ error: "Requête invalide", details: "Le corps de la requête est vide." });
    }

    try {
        const response = await axios.post(
            "http://localhost:5678/webhook/mabatpro", // URL de ton webhook n8n
            req.body,
            { headers: { "Content-Type": "application/json" } }
        );

        console.log("✅ Réponse de n8n :", response.data);
        res.json(response.data);
    } catch (error) {
        console.error("❌ Erreur dans le proxy :", {
            message: error.message,
            status: error.response ? error.response.status : "Aucun statut",
            data: error.response ? error.response.data : "Pas de réponse",
            headers: error.response ? error.response.headers : "Pas d'en-têtes",
            request: {
                url: error.config?.url,
                method: error.config?.method,
                headers: error.config?.headers,
                data: error.config?.data
            }
        });

        res.status(500).json({
            error: "Erreur interne du serveur",
            details: error.message,
            status: error.response ? error.response.status : null,
            responseData: error.response ? error.response.data : null
        });
    }
});

// Démarrer le serveur
const PORT = process.env.PORT || 3000;
app.listen(PORT, () => console.log(`✅ Serveur proxy actif sur le port ${PORT}`));
